# This file is automatically @generated by Cargo.
# It is not intended for manual editing.
version = 4

[[package]]
name = "nmlt-agent"
version = "0.0.1"

[[package]]
name = "nmlt-certificate"
version = "0.0.1"
dependencies = [
 "nmlt-hir",
 "nmlt-ir",
]

[[package]]
name = "nmlt-certificate-tools"
version = "0.0.1"
dependencies = [
 "nmlt-elaborate",
 "nmlt-hir",
 "nmlt-ir",
 "nmlt-kernel",
]

[[package]]
name = "nmlt-cli"
version = "0.0.1"
dependencies = [
 "nmlt-compile",
 "nmlt-core",
 "nmlt-engine",
 "nmlt-kernel",
]

[[package]]
name = "nmlt-compile"
version = "0.0.1"
dependencies = [
 "nmlt-elaborate",
 "nmlt-hir",
 "nmlt-kernel",
]

[[package]]
name = "nmlt-core"
version = "0.0.1"

[[package]]
name = "nmlt-elaborate"
version = "0.0.1"
dependencies = [
 "nmlt-certificate",
 "nmlt-hir",
 "nmlt-ir",
]

[[package]]
name = "nmlt-engine"
version = "0.0.1"
dependencies = [
 "nmlt-compile",
 "nmlt-core",
 "nmlt-hir",
 "nmlt-ir",
 "nmlt-kernel",
]

[[package]]
name = "nmlt-grades"
version = "0.0.1"

[[package]]
name = "nmlt-hir"
version = "0.0.1"
dependencies = [
 "nmlt-core",
]

[[package]]
name = "nmlt-ir"
version = "0.0.1"
dependencies = [
 "nmlt-hir",
]

[[package]]
name = "nmlt-kernel"
version = "0.0.1"
dependencies = [
 "nmlt-certificate",
 "nmlt-elaborate",
 "nmlt-hir",
 "nmlt-ir",
]

[[package]]
name = "nmlt-temporal"
version = "0.0.1"

[[package]]
name = "nmlt-verify"
version = "0.0.1"
